
Microsoft Visual Studio Solution File, Format Version 12.00
# Visual Studio Version 17
VisualStudioVersion = 17.4.33110.190
MinimumVisualStudioVersion = 10.0.40219.1
Project("{9A19103F-16F7-4668-BE54-9A1E7A4F7556}") = "BackEnd", "BackEnd\BackEnd.csproj", "{DA41F738-C894-4A0E-9B09-E2C6414AE4CC}"
EndProject
Project("{9A19103F-16F7-4668-BE54-9A1E7A4F7556}") = "DTOs", "DTOs\DTOs.csproj", "{AE7F6639-A79A-4A9B-9773-599C78FA78CA}"
EndProject
Project("{9A19103F-16F7-4668-BE54-9A1E7A4F7556}") = "DAL", "DAL\DAL.csproj", "{7FD9DC0D-D6DF-46DD-9370-C6FDFAB88027}"
EndProject
Project("{9A19103F-16F7-4668-BE54-9A1E7A4F7556}") = "Domain", "Domain\Domain.csproj", "{38C89D9E-B01F-4372-B1D6-6C5208EDF0BF}"
EndProject
Project("{9A19103F-16F7-4668-BE54-9A1E7A4F7556}") = "Services", "Services\Services.csproj", "{8A768F63-E5DE-4D8B-843C-F6CCC87145C8}"
EndProject
Global
	GlobalSection(SolutionConfigurationPlatforms) = preSolution
		Debug|Any CPU = Debug|Any CPU
		Release|Any CPU = Release|Any CPU
	EndGlobalSection
	GlobalSection(ProjectConfigurationPlatforms) = postSolution
		{DA41F738-C894-4A0E-9B09-E2C6414AE4CC}.Debug|Any CPU.ActiveCfg = Debug|Any CPU
		{DA41F738-C894-4A0E-9B09-E2C6414AE4CC}.Debug|Any CPU.Build.0 = Debug|Any CPU
		{DA41F738-C894-4A0E-9B09-E2C6414AE4CC}.Release|Any CPU.ActiveCfg = Release|Any CPU
		{DA41F738-C894-4A0E-9B09-E2C6414AE4CC}.Release|Any CPU.Build.0 = Release|Any CPU
		{AE7F6639-A79A-4A9B-9773-599C78FA78CA}.Debug|Any CPU.ActiveCfg = Debug|Any CPU
		{AE7F6639-A79A-4A9B-9773-599C78FA78CA}.Debug|Any CPU.Build.0 = Debug|Any CPU
		{AE7F6639-A79A-4A9B-9773-599C78FA78CA}.Release|Any CPU.ActiveCfg = Release|Any CPU
		{AE7F6639-A79A-4A9B-9773-599C78FA78CA}.Release|Any CPU.Build.0 = Release|Any CPU
		{7FD9DC0D-D6DF-46DD-9370-C6FDFAB88027}.Debug|Any CPU.ActiveCfg = Debug|Any CPU
		{7FD9DC0D-D6DF-46DD-9370-C6FDFAB88027}.Debug|Any CPU.Build.0 = Debug|Any CPU
		{7FD9DC0D-D6DF-46DD-9370-C6FDFAB88027}.Release|Any CPU.ActiveCfg = Release|Any CPU
		{7FD9DC0D-D6DF-46DD-9370-C6FDFAB88027}.Release|Any CPU.Build.0 = Release|Any CPU
		{38C89D9E-B01F-4372-B1D6-6C5208EDF0BF}.Debug|Any CPU.ActiveCfg = Debug|Any CPU
		{38C89D9E-B01F-4372-B1D6-6C5208EDF0BF}.Debug|Any CPU.Build.0 = Debug|Any CPU
		{38C89D9E-B01F-4372-B1D6-6C5208EDF0BF}.Release|Any CPU.ActiveCfg = Release|Any CPU
		{38C89D9E-B01F-4372-B1D6-6C5208EDF0BF}.Release|Any CPU.Build.0 = Release|Any CPU
		{8A768F63-E5DE-4D8B-843C-F6CCC87145C8}.Debug|Any CPU.ActiveCfg = Debug|Any CPU
		{8A768F63-E5DE-4D8B-843C-F6CCC87145C8}.Debug|Any CPU.Build.0 = Debug|Any CPU
		{8A768F63-E5DE-4D8B-843C-F6CCC87145C8}.Release|Any CPU.ActiveCfg = Release|Any CPU
		{8A768F63-E5DE-4D8B-843C-F6CCC87145C8}.Release|Any CPU.Build.0 = Release|Any CPU
	EndGlobalSection
	GlobalSection(SolutionProperties) = preSolution
		HideSolutionNode = FALSE
	EndGlobalSection
	GlobalSection(ExtensibilityGlobals) = postSolution
		SolutionGuid = {A1233D7E-43A3-4EA8-B668-E56E3ED47AD7}
	EndGlobalSection
EndGlobal
