
Microsoft Visual Studio Solution File, Format Version 12.00
# Visual Studio Version 17
VisualStudioVersion = 17.4.33110.190
MinimumVisualStudioVersion = 10.0.40219.1
Project("{FAE04EC0-301F-11D3-BF4B-00C04F79EFBC}") = "exam_kpz", "exam_kpz\exam_kpz.csproj", "{87ED7696-5DFC-45A3-B3BE-3681D4A29F10}"
EndProject
Global
	GlobalSection(SolutionConfigurationPlatforms) = preSolution
		Debug|Any CPU = Debug|Any CPU
		Release|Any CPU = Release|Any CPU
	EndGlobalSection
	GlobalSection(ProjectConfigurationPlatforms) = postSolution
		{87ED7696-5DFC-45A3-B3BE-3681D4A29F10}.Debug|Any CPU.ActiveCfg = Debug|Any CPU
		{87ED7696-5DFC-45A3-B3BE-3681D4A29F10}.Debug|Any CPU.Build.0 = Debug|Any CPU
		{87ED7696-5DFC-45A3-B3BE-3681D4A29F10}.Release|Any CPU.ActiveCfg = Release|Any CPU
		{87ED7696-5DFC-45A3-B3BE-3681D4A29F10}.Release|Any CPU.Build.0 = Release|Any CPU
	EndGlobalSection
	GlobalSection(SolutionProperties) = preSolution
		HideSolutionNode = FALSE
	EndGlobalSection
	GlobalSection(ExtensibilityGlobals) = postSolution
		SolutionGuid = {A1233D7E-43A3-4EA8-B668-E56E3ED47AD7}
	EndGlobalSection
EndGlobal
